// !$*UTF8*$!
{
	archiveVersion = 1;
	classes = {
	};
	objectVersion = 55;
	objects = {

/* Begin PBXBuildFile section */
		112E747935FA6E9CB79DC358 /* Pods_LiveliGoods.framework in Frameworks */ = {isa = PBXBuildFile; fileRef = 36B51A750EC4F3D348E5F165 /* Pods_LiveliGoods.framework */; };
		B551692529159094007356EC /* AppDelegate.swift in Sources */ = {isa = PBXBuildFile; fileRef = B551692429159094007356EC /* AppDelegate.swift */; };
		B551692729159094007356EC /* SceneDelegate.swift in Sources */ = {isa = PBXBuildFile; fileRef = B551692629159094007356EC /* SceneDelegate.swift */; };
		B551692929159094007356EC /* SignInController.swift in Sources */ = {isa = PBXBuildFile; fileRef = B551692829159094007356EC /* SignInController.swift */; };
		B551692C29159094007356EC /* Main.storyboard in Resources */ = {isa = PBXBuildFile; fileRef = B551692A29159094007356EC /* Main.storyboard */; };
		B551692E29159095007356EC /* Assets.xcassets in Resources */ = {isa = PBXBuildFile; fileRef = B551692D29159095007356EC /* Assets.xcassets */; };
		B551693129159095007356EC /* LaunchScreen.storyboard in Resources */ = {isa = PBXBuildFile; fileRef = B551692F29159095007356EC /* LaunchScreen.storyboard */; };
		B55D6BC3293D73E600891A28 /* FoodTrackVC.swift in Sources */ = {isa = PBXBuildFile; fileRef = B55D6BC2293D73E600891A28 /* FoodTrackVC.swift */; };
		B55D6BC5293D743000891A28 /* Food.swift in Sources */ = {isa = PBXBuildFile; fileRef = B55D6BC4293D743000891A28 /* Food.swift */; };
		B55D6BC7293D743800891A28 /* ScanVC.swift in Sources */ = {isa = PBXBuildFile; fileRef = B55D6BC6293D743800891A28 /* ScanVC.swift */; };
		B566DA0F2924707D00A92940 /* food.jpg in Resources */ = {isa = PBXBuildFile; fileRef = B566DA0E2924707D00A92940 /* food.jpg */; };
		B566DA11292472AD00A92940 /* liveligoods.png in Resources */ = {isa = PBXBuildFile; fileRef = B566DA10292472AD00A92940 /* liveligoods.png */; };
		B56B49B42938107B00FCF701 /* GoogleService-Info.plist in Resources */ = {isa = PBXBuildFile; fileRef = B56B49B32938107B00FCF701 /* GoogleService-Info.plist */; };
		B56B49B62938228C00FCF701 /* DetailedFoodView.swift in Sources */ = {isa = PBXBuildFile; fileRef = B56B49B52938228C00FCF701 /* DetailedFoodView.swift */; };
		B57DA36F292437C600B21A17 /* notificationCellTableViewCell.swift in Sources */ = {isa = PBXBuildFile; fileRef = B57DA36B292437C400B21A17 /* notificationCellTableViewCell.swift */; };
		B57DA370292437C600B21A17 /* goalCellTableViewCell.xib in Resources */ = {isa = PBXBuildFile; fileRef = B57DA36C292437C500B21A17 /* goalCellTableViewCell.xib */; };
		B57DA371292437C600B21A17 /* goalCellTableViewCell.swift in Sources */ = {isa = PBXBuildFile; fileRef = B57DA36D292437C500B21A17 /* goalCellTableViewCell.swift */; };
		B57DA372292437C600B21A17 /* notificationCellTableViewCell.xib in Resources */ = {isa = PBXBuildFile; fileRef = B57DA36E292437C600B21A17 /* notificationCellTableViewCell.xib */; };
		B57DA377292437D600B21A17 /* Functions.swift in Sources */ = {isa = PBXBuildFile; fileRef = B57DA373292437D400B21A17 /* Functions.swift */; };
		B57DA378292437D600B21A17 /* notificationSubCell.xib in Resources */ = {isa = PBXBuildFile; fileRef = B57DA374292437D500B21A17 /* notificationSubCell.xib */; };
		B57DA379292437D600B21A17 /* SettingsVC.swift in Sources */ = {isa = PBXBuildFile; fileRef = B57DA375292437D500B21A17 /* SettingsVC.swift */; };
		B57DA37A292437D600B21A17 /* notificationSubCell.swift in Sources */ = {isa = PBXBuildFile; fileRef = B57DA376292437D600B21A17 /* notificationSubCell.swift */; };
		B580EB3B291D996D0053D727 /* FoodInput.swift in Sources */ = {isa = PBXBuildFile; fileRef = B580EB3A291D996C0053D727 /* FoodInput.swift */; };
		B580EB3D291DB9400053D727 /* Searcher.swift in Sources */ = {isa = PBXBuildFile; fileRef = B580EB3C291DB9400053D727 /* Searcher.swift */; };
		B580EB3F291EAEF60053D727 /* ApiResult.swift in Sources */ = {isa = PBXBuildFile; fileRef = B580EB3E291EAEF60053D727 /* ApiResult.swift */; };
		B580EB41291EB0C30053D727 /* FoodObject.swift in Sources */ = {isa = PBXBuildFile; fileRef = B580EB40291EB0C30053D727 /* FoodObject.swift */; };
		B580EB45291EBF7F0053D727 /* CustomTableViewCell.swift in Sources */ = {isa = PBXBuildFile; fileRef = B580EB44291EBF7F0053D727 /* CustomTableViewCell.swift */; };
		B5D7B2DE293D5CB9002B5622 /* StepTracker.swift in Sources */ = {isa = PBXBuildFile; fileRef = B5D7B2DD293D5CB9002B5622 /* StepTracker.swift */; };
/* End PBXBuildFile section */

/* Begin PBXFileReference section */
		36B51A750EC4F3D348E5F165 /* Pods_LiveliGoods.framework */ = {isa = PBXFileReference; explicitFileType = wrapper.framework; includeInIndex = 0; path = Pods_LiveliGoods.framework; sourceTree = BUILT_PRODUCTS_DIR; };
		73189A84F895B627B2771313 /* Pods-LiveliGoods.release.xcconfig */ = {isa = PBXFileReference; includeInIndex = 1; lastKnownFileType = text.xcconfig; name = "Pods-LiveliGoods.release.xcconfig"; path = "Target Support Files/Pods-LiveliGoods/Pods-LiveliGoods.release.xcconfig"; sourceTree = "<group>"; };
		99DF9766F1FE9097DC2B557E /* Pods-LiveliGoods.debug.xcconfig */ = {isa = PBXFileReference; includeInIndex = 1; lastKnownFileType = text.xcconfig; name = "Pods-LiveliGoods.debug.xcconfig"; path = "Target Support Files/Pods-LiveliGoods/Pods-LiveliGoods.debug.xcconfig"; sourceTree = "<group>"; };
		B551692129159094007356EC /* LiveliGoods.app */ = {isa = PBXFileReference; explicitFileType = wrapper.application; includeInIndex = 0; path = LiveliGoods.app; sourceTree = BUILT_PRODUCTS_DIR; };
		B551692429159094007356EC /* AppDelegate.swift */ = {isa = PBXFileReference; lastKnownFileType = sourcecode.swift; path = AppDelegate.swift; sourceTree = "<group>"; };
		B551692629159094007356EC /* SceneDelegate.swift */ = {isa = PBXFileReference; lastKnownFileType = sourcecode.swift; path = SceneDelegate.swift; sourceTree = "<group>"; };
		B551692829159094007356EC /* SignInController.swift */ = {isa = PBXFileReference; lastKnownFileType = sourcecode.swift; path = SignInController.swift; sourceTree = "<group>"; };
		B551692B29159094007356EC /* Base */ = {isa = PBXFileReference; lastKnownFileType = file.storyboard; name = Base; path = Base.lproj/Main.storyboard; sourceTree = "<group>"; };
		B551692D29159095007356EC /* Assets.xcassets */ = {isa = PBXFileReference; lastKnownFileType = folder.assetcatalog; path = Assets.xcassets; sourceTree = "<group>"; };
		B551693029159095007356EC /* Base */ = {isa = PBXFileReference; lastKnownFileType = file.storyboard; name = Base; path = Base.lproj/LaunchScreen.storyboard; sourceTree = "<group>"; };
		B551693229159095007356EC /* Info.plist */ = {isa = PBXFileReference; lastKnownFileType = text.plist.xml; path = Info.plist; sourceTree = "<group>"; };
		B55D6BC2293D73E600891A28 /* FoodTrackVC.swift */ = {isa = PBXFileReference; fileEncoding = 4; lastKnownFileType = sourcecode.swift; path = FoodTrackVC.swift; sourceTree = "<group>"; };
		B55D6BC4293D743000891A28 /* Food.swift */ = {isa = PBXFileReference; fileEncoding = 4; lastKnownFileType = sourcecode.swift; path = Food.swift; sourceTree = "<group>"; };
		B55D6BC6293D743800891A28 /* ScanVC.swift */ = {isa = PBXFileReference; fileEncoding = 4; lastKnownFileType = sourcecode.swift; path = ScanVC.swift; sourceTree = "<group>"; };
		B566DA0E2924707D00A92940 /* food.jpg */ = {isa = PBXFileReference; lastKnownFileType = image.jpeg; path = food.jpg; sourceTree = "<group>"; };
		B566DA10292472AD00A92940 /* liveligoods.png */ = {isa = PBXFileReference; lastKnownFileType = image.png; path = liveligoods.png; sourceTree = "<group>"; };
		B56B49B32938107B00FCF701 /* GoogleService-Info.plist */ = {isa = PBXFileReference; fileEncoding = 4; lastKnownFileType = text.plist.xml; name = "GoogleService-Info.plist"; path = "../../../GoogleService-Info.plist"; sourceTree = "<group>"; };
		B56B49B52938228C00FCF701 /* DetailedFoodView.swift */ = {isa = PBXFileReference; lastKnownFileType = sourcecode.swift; path = DetailedFoodView.swift; sourceTree = "<group>"; };
		B57DA36B292437C400B21A17 /* notificationCellTableViewCell.swift */ = {isa = PBXFileReference; fileEncoding = 4; lastKnownFileType = sourcecode.swift; path = notificationCellTableViewCell.swift; sourceTree = "<group>"; };
		B57DA36C292437C500B21A17 /* goalCellTableViewCell.xib */ = {isa = PBXFileReference; fileEncoding = 4; lastKnownFileType = file.xib; path = goalCellTableViewCell.xib; sourceTree = "<group>"; };
		B57DA36D292437C500B21A17 /* goalCellTableViewCell.swift */ = {isa = PBXFileReference; fileEncoding = 4; lastKnownFileType = sourcecode.swift; path = goalCellTableViewCell.swift; sourceTree = "<group>"; };
		B57DA36E292437C600B21A17 /* notificationCellTableViewCell.xib */ = {isa = PBXFileReference; fileEncoding = 4; lastKnownFileType = file.xib; path = notificationCellTableViewCell.xib; sourceTree = "<group>"; };
		B57DA373292437D400B21A17 /* Functions.swift */ = {isa = PBXFileReference; fileEncoding = 4; lastKnownFileType = sourcecode.swift; path = Functions.swift; sourceTree = "<group>"; };
		B57DA374292437D500B21A17 /* notificationSubCell.xib */ = {isa = PBXFileReference; fileEncoding = 4; lastKnownFileType = file.xib; path = notificationSubCell.xib; sourceTree = "<group>"; };
		B57DA375292437D500B21A17 /* SettingsVC.swift */ = {isa = PBXFileReference; fileEncoding = 4; lastKnownFileType = sourcecode.swift; path = SettingsVC.swift; sourceTree = "<group>"; };
		B57DA376292437D600B21A17 /* notificationSubCell.swift */ = {isa = PBXFileReference; fileEncoding = 4; lastKnownFileType = sourcecode.swift; path = notificationSubCell.swift; sourceTree = "<group>"; };
		B580EB3A291D996C0053D727 /* FoodInput.swift */ = {isa = PBXFileReference; lastKnownFileType = sourcecode.swift; path = FoodInput.swift; sourceTree = "<group>"; };
		B580EB3C291DB9400053D727 /* Searcher.swift */ = {isa = PBXFileReference; lastKnownFileType = sourcecode.swift; path = Searcher.swift; sourceTree = "<group>"; };
		B580EB3E291EAEF60053D727 /* ApiResult.swift */ = {isa = PBXFileReference; lastKnownFileType = sourcecode.swift; path = ApiResult.swift; sourceTree = "<group>"; };
		B580EB40291EB0C30053D727 /* FoodObject.swift */ = {isa = PBXFileReference; lastKnownFileType = sourcecode.swift; path = FoodObject.swift; sourceTree = "<group>"; };
		B580EB44291EBF7F0053D727 /* CustomTableViewCell.swift */ = {isa = PBXFileReference; lastKnownFileType = sourcecode.swift; path = CustomTableViewCell.swift; sourceTree = "<group>"; };
		B5D7B2DD293D5CB9002B5622 /* StepTracker.swift */ = {isa = PBXFileReference; lastKnownFileType = sourcecode.swift; path = StepTracker.swift; sourceTree = "<group>"; };
/* End PBXFileReference section */

/* Begin PBXFrameworksBuildPhase section */
		B551691E29159094007356EC /* Frameworks */ = {
			isa = PBXFrameworksBuildPhase;
			buildActionMask = 2147483647;
			files = (
				112E747935FA6E9CB79DC358 /* Pods_LiveliGoods.framework in Frameworks */,
			);
			runOnlyForDeploymentPostprocessing = 0;
		};
/* End PBXFrameworksBuildPhase section */

/* Begin PBXGroup section */
		1AB1CE62D963C6C5C61F5FC0 /* Frameworks */ = {
			isa = PBXGroup;
			children = (
				36B51A750EC4F3D348E5F165 /* Pods_LiveliGoods.framework */,
			);
			name = Frameworks;
			sourceTree = "<group>";
		};
		B04EC873E23AE4CF84D6646A /* Pods */ = {
			isa = PBXGroup;
			children = (
				99DF9766F1FE9097DC2B557E /* Pods-LiveliGoods.debug.xcconfig */,
				73189A84F895B627B2771313 /* Pods-LiveliGoods.release.xcconfig */,
			);
			path = Pods;
			sourceTree = "<group>";
		};
		B551691829159094007356EC = {
			isa = PBXGroup;
			children = (
				B551692329159094007356EC /* LiveliGoods */,
				B551692229159094007356EC /* Products */,
				B04EC873E23AE4CF84D6646A /* Pods */,
				1AB1CE62D963C6C5C61F5FC0 /* Frameworks */,
			);
			sourceTree = "<group>";
		};
		B551692229159094007356EC /* Products */ = {
			isa = PBXGroup;
			children = (
				B551692129159094007356EC /* LiveliGoods.app */,
			);
			name = Products;
			sourceTree = "<group>";
		};
		B551692329159094007356EC /* LiveliGoods */ = {
			isa = PBXGroup;
			children = (
				B551692429159094007356EC /* AppDelegate.swift */,
				B551692629159094007356EC /* SceneDelegate.swift */,
				B551692829159094007356EC /* SignInController.swift */,
				B580EB3A291D996C0053D727 /* FoodInput.swift */,
				B55D6BC2293D73E600891A28 /* FoodTrackVC.swift */,
				B56B49B52938228C00FCF701 /* DetailedFoodView.swift */,
				B580EB3C291DB9400053D727 /* Searcher.swift */,
				B55D6BC4293D743000891A28 /* Food.swift */,
				B55D6BC6293D743800891A28 /* ScanVC.swift */,
				B580EB3E291EAEF60053D727 /* ApiResult.swift */,
				B580EB40291EB0C30053D727 /* FoodObject.swift */,
				B551692A29159094007356EC /* Main.storyboard */,
				B5D7B2DD293D5CB9002B5622 /* StepTracker.swift */,
				B56B49B32938107B00FCF701 /* GoogleService-Info.plist */,
				B580EB44291EBF7F0053D727 /* CustomTableViewCell.swift */,
				B551692D29159095007356EC /* Assets.xcassets */,
				B551692F29159095007356EC /* LaunchScreen.storyboard */,
				B551693229159095007356EC /* Info.plist */,
				B57DA36D292437C500B21A17 /* goalCellTableViewCell.swift */,
				B57DA36C292437C500B21A17 /* goalCellTableViewCell.xib */,
				B57DA36B292437C400B21A17 /* notificationCellTableViewCell.swift */,
				B57DA36E292437C600B21A17 /* notificationCellTableViewCell.xib */,
				B57DA373292437D400B21A17 /* Functions.swift */,
				B57DA376292437D600B21A17 /* notificationSubCell.swift */,
				B57DA374292437D500B21A17 /* notificationSubCell.xib */,
				B57DA375292437D500B21A17 /* SettingsVC.swift */,
				B566DA10292472AD00A92940 /* liveligoods.png */,
				B566DA0E2924707D00A92940 /* food.jpg */,
			);
			path = LiveliGoods;
			sourceTree = "<group>";
		};
/* End PBXGroup section */

/* Begin PBXNativeTarget section */
		B551692029159094007356EC /* LiveliGoods */ = {
			isa = PBXNativeTarget;
			buildConfigurationList = B551693529159095007356EC /* Build configuration list for PBXNativeTarget "LiveliGoods" */;
			buildPhases = (
				09B82BC7B385E87FBD516A4B /* [CP] Check Pods Manifest.lock */,
				B551691D29159094007356EC /* Sources */,
				B551691E29159094007356EC /* Frameworks */,
				B551691F29159094007356EC /* Resources */,
				97D64CA0609516BBFC8C3C56 /* [CP] Embed Pods Frameworks */,
			);
			buildRules = (
			);
			dependencies = (
			);
			name = LiveliGoods;
			productName = LiveliGoods;
			productReference = B551692129159094007356EC /* LiveliGoods.app */;
			productType = "com.apple.product-type.application";
		};
/* End PBXNativeTarget section */

/* Begin PBXProject section */
		B551691929159094007356EC /* Project object */ = {
			isa = PBXProject;
			attributes = {
				BuildIndependentTargetsInParallel = 1;
				LastSwiftUpdateCheck = 1340;
				LastUpgradeCheck = 1340;
				TargetAttributes = {
					B551692029159094007356EC = {
						CreatedOnToolsVersion = 13.4.1;
					};
				};
			};
			buildConfigurationList = B551691C29159094007356EC /* Build configuration list for PBXProject "LiveliGoods" */;
			compatibilityVersion = "Xcode 13.0";
			developmentRegion = en;
			hasScannedForEncodings = 0;
			knownRegions = (
				en,
				Base,
			);
			mainGroup = B551691829159094007356EC;
			productRefGroup = B551692229159094007356EC /* Products */;
			projectDirPath = "";
			projectRoot = "";
			targets = (
				B551692029159094007356EC /* LiveliGoods */,
			);
		};
/* End PBXProject section */

/* Begin PBXResourcesBuildPhase section */
		B551691F29159094007356EC /* Resources */ = {
			isa = PBXResourcesBuildPhase;
			buildActionMask = 2147483647;
			files = (
				B57DA378292437D600B21A17 /* notificationSubCell.xib in Resources */,
				B551693129159095007356EC /* LaunchScreen.storyboard in Resources */,
				B56B49B42938107B00FCF701 /* GoogleService-Info.plist in Resources */,
				B566DA11292472AD00A92940 /* liveligoods.png in Resources */,
				B551692E29159095007356EC /* Assets.xcassets in Resources */,
				B551692C29159094007356EC /* Main.storyboard in Resources */,
				B57DA372292437C600B21A17 /* notificationCellTableViewCell.xib in Resources */,
				B57DA370292437C600B21A17 /* goalCellTableViewCell.xib in Resources */,
				B566DA0F2924707D00A92940 /* food.jpg in Resources */,
			);
			runOnlyForDeploymentPostprocessing = 0;
		};
/* End PBXResourcesBuildPhase section */

/* Begin PBXShellScriptBuildPhase section */
		09B82BC7B385E87FBD516A4B /* [CP] Check Pods Manifest.lock */ = {
			isa = PBXShellScriptBuildPhase;
			buildActionMask = 2147483647;
			files = (
			);
			inputFileListPaths = (
			);
			inputPaths = (
				"${PODS_PODFILE_DIR_PATH}/Podfile.lock",
				"${PODS_ROOT}/Manifest.lock",
			);
			name = "[CP] Check Pods Manifest.lock";
			outputFileListPaths = (
			);
			outputPaths = (
				"$(DERIVED_FILE_DIR)/Pods-LiveliGoods-checkManifestLockResult.txt",
			);
			runOnlyForDeploymentPostprocessing = 0;
			shellPath = /bin/sh;
			shellScript = "diff \"${PODS_PODFILE_DIR_PATH}/Podfile.lock\" \"${PODS_ROOT}/Manifest.lock\" > /dev/null\nif [ $? != 0 ] ; then\n    # print error to STDERR\n    echo \"error: The sandbox is not in sync with the Podfile.lock. Run 'pod install' or update your CocoaPods installation.\" >&2\n    exit 1\nfi\n# This output is used by Xcode 'outputs' to avoid re-running this script phase.\necho \"SUCCESS\" > \"${SCRIPT_OUTPUT_FILE_0}\"\n";
			showEnvVarsInLog = 0;
		};
		97D64CA0609516BBFC8C3C56 /* [CP] Embed Pods Frameworks */ = {
			isa = PBXShellScriptBuildPhase;
			buildActionMask = 2147483647;
			files = (
			);
			inputFileListPaths = (
				"${PODS_ROOT}/Target Support Files/Pods-LiveliGoods/Pods-LiveliGoods-frameworks-${CONFIGURATION}-input-files.xcfilelist",
			);
			name = "[CP] Embed Pods Frameworks";
			outputFileListPaths = (
				"${PODS_ROOT}/Target Support Files/Pods-LiveliGoods/Pods-LiveliGoods-frameworks-${CONFIGURATION}-output-files.xcfilelist",
			);
			runOnlyForDeploymentPostprocessing = 0;
			shellPath = /bin/sh;
			shellScript = "\"${PODS_ROOT}/Target Support Files/Pods-LiveliGoods/Pods-LiveliGoods-frameworks.sh\"\n";
			showEnvVarsInLog = 0;
		};
/* End PBXShellScriptBuildPhase section */

/* Begin PBXSourcesBuildPhase section */
		B551691D29159094007356EC /* Sources */ = {
			isa = PBXSourcesBuildPhase;
			buildActionMask = 2147483647;
			files = (
				B580EB41291EB0C30053D727 /* FoodObject.swift in Sources */,
				B580EB3D291DB9400053D727 /* Searcher.swift in Sources */,
				B55D6BC3293D73E600891A28 /* FoodTrackVC.swift in Sources */,
				B580EB45291EBF7F0053D727 /* CustomTableViewCell.swift in Sources */,
				B551692929159094007356EC /* SignInController.swift in Sources */,
				B57DA377292437D600B21A17 /* Functions.swift in Sources */,
				B57DA379292437D600B21A17 /* SettingsVC.swift in Sources */,
				B57DA37A292437D600B21A17 /* notificationSubCell.swift in Sources */,
				B57DA36F292437C600B21A17 /* notificationCellTableViewCell.swift in Sources */,
				B551692529159094007356EC /* AppDelegate.swift in Sources */,
				B580EB3F291EAEF60053D727 /* ApiResult.swift in Sources */,
				B55D6BC7293D743800891A28 /* ScanVC.swift in Sources */,
				B55D6BC5293D743000891A28 /* Food.swift in Sources */,
				B56B49B62938228C00FCF701 /* DetailedFoodView.swift in Sources */,
				B580EB3B291D996D0053D727 /* FoodInput.swift in Sources */,
				B57DA371292437C600B21A17 /* goalCellTableViewCell.swift in Sources */,
				B551692729159094007356EC /* SceneDelegate.swift in Sources */,
				B5D7B2DE293D5CB9002B5622 /* StepTracker.swift in Sources */,
			);
			runOnlyForDeploymentPostprocessing = 0;
		};
/* End PBXSourcesBuildPhase section */

/* Begin PBXVariantGroup section */
		B551692A29159094007356EC /* Main.storyboard */ = {
			isa = PBXVariantGroup;
			children = (
				B551692B29159094007356EC /* Base */,
			);
			name = Main.storyboard;
			sourceTree = "<group>";
		};
		B551692F29159095007356EC /* LaunchScreen.storyboard */ = {
			isa = PBXVariantGroup;
			children = (
				B551693029159095007356EC /* Base */,
			);
			name = LaunchScreen.storyboard;
			sourceTree = "<group>";
		};
/* End PBXVariantGroup section */

/* Begin XCBuildConfiguration section */
		B551693329159095007356EC /* Debug */ = {
			isa = XCBuildConfiguration;
			buildSettings = {
				ALWAYS_SEARCH_USER_PATHS = NO;
				CLANG_ANALYZER_NONNULL = YES;
				CLANG_ANALYZER_NUMBER_OBJECT_CONVERSION = YES_AGGRESSIVE;
				CLANG_CXX_LANGUAGE_STANDARD = "gnu++17";
				CLANG_ENABLE_MODULES = YES;
				CLANG_ENABLE_OBJC_ARC = YES;
				CLANG_ENABLE_OBJC_WEAK = YES;
				CLANG_WARN_BLOCK_CAPTURE_AUTORELEASING = YES;
				CLANG_WARN_BOOL_CONVERSION = YES;
				CLANG_WARN_COMMA = YES;
				CLANG_WARN_CONSTANT_CONVERSION = YES;
				CLANG_WARN_DEPRECATED_OBJC_IMPLEMENTATIONS = YES;
				CLANG_WARN_DIRECT_OBJC_ISA_USAGE = YES_ERROR;
				CLANG_WARN_DOCUMENTATION_COMMENTS = YES;
				CLANG_WARN_EMPTY_BODY = YES;
				CLANG_WARN_ENUM_CONVERSION = YES;
				CLANG_WARN_INFINITE_RECURSION = YES;
				CLANG_WARN_INT_CONVERSION = YES;
				CLANG_WARN_NON_LITERAL_NULL_CONVERSION = YES;
				CLANG_WARN_OBJC_IMPLICIT_RETAIN_SELF = YES;
				CLANG_WARN_OBJC_LITERAL_CONVERSION = YES;
				CLANG_WARN_OBJC_ROOT_CLASS = YES_ERROR;
				CLANG_WARN_QUOTED_INCLUDE_IN_FRAMEWORK_HEADER = YES;
				CLANG_WARN_RANGE_LOOP_ANALYSIS = YES;
				CLANG_WARN_STRICT_PROTOTYPES = YES;
				CLANG_WARN_SUSPICIOUS_MOVE = YES;
				CLANG_WARN_UNGUARDED_AVAILABILITY = YES_AGGRESSIVE;
				CLANG_WARN_UNREACHABLE_CODE = YES;
				CLANG_WARN__DUPLICATE_METHOD_MATCH = YES;
				COPY_PHASE_STRIP = NO;
				DEBUG_INFORMATION_FORMAT = dwarf;
				ENABLE_STRICT_OBJC_MSGSEND = YES;
				ENABLE_TESTABILITY = YES;
				GCC_C_LANGUAGE_STANDARD = gnu11;
				GCC_DYNAMIC_NO_PIC = NO;
				GCC_NO_COMMON_BLOCKS = YES;
				GCC_OPTIMIZATION_LEVEL = 0;
				GCC_PREPROCESSOR_DEFINITIONS = (
					"DEBUG=1",
					"$(inherited)",
				);
				GCC_WARN_64_TO_32_BIT_CONVERSION = YES;
				GCC_WARN_ABOUT_RETURN_TYPE = YES_ERROR;
				GCC_WARN_UNDECLARED_SELECTOR = YES;
				GCC_WARN_UNINITIALIZED_AUTOS = YES_AGGRESSIVE;
				GCC_WARN_UNUSED_FUNCTION = YES;
				GCC_WARN_UNUSED_VARIABLE = YES;
				IPHONEOS_DEPLOYMENT_TARGET = 15.5;
				MTL_ENABLE_DEBUG_INFO = INCLUDE_SOURCE;
				MTL_FAST_MATH = YES;
				ONLY_ACTIVE_ARCH = YES;
				SDKROOT = iphoneos;
				SWIFT_ACTIVE_COMPILATION_CONDITIONS = DEBUG;
				SWIFT_OPTIMIZATION_LEVEL = "-Onone";
			};
			name = Debug;
		};
		B551693429159095007356EC /* Release */ = {
			isa = XCBuildConfiguration;
			buildSettings = {
				ALWAYS_SEARCH_USER_PATHS = NO;
				CLANG_ANALYZER_NONNULL = YES;
				CLANG_ANALYZER_NUMBER_OBJECT_CONVERSION = YES_AGGRESSIVE;
				CLANG_CXX_LANGUAGE_STANDARD = "gnu++17";
				CLANG_ENABLE_MODULES = YES;
				CLANG_ENABLE_OBJC_ARC = YES;
				CLANG_ENABLE_OBJC_WEAK = YES;
				CLANG_WARN_BLOCK_CAPTURE_AUTORELEASING = YES;
				CLANG_WARN_BOOL_CONVERSION = YES;
				CLANG_WARN_COMMA = YES;
				CLANG_WARN_CONSTANT_CONVERSION = YES;
				CLANG_WARN_DEPRECATED_OBJC_IMPLEMENTATIONS = YES;
				CLANG_WARN_DIRECT_OBJC_ISA_USAGE = YES_ERROR;
				CLANG_WARN_DOCUMENTATION_COMMENTS = YES;
				CLANG_WARN_EMPTY_BODY = YES;
				CLANG_WARN_ENUM_CONVERSION = YES;
				CLANG_WARN_INFINITE_RECURSION = YES;
				CLANG_WARN_INT_CONVERSION = YES;
				CLANG_WARN_NON_LITERAL_NULL_CONVERSION = YES;
				CLANG_WARN_OBJC_IMPLICIT_RETAIN_SELF = YES;
				CLANG_WARN_OBJC_LITERAL_CONVERSION = YES;
				CLANG_WARN_OBJC_ROOT_CLASS = YES_ERROR;
				CLANG_WARN_QUOTED_INCLUDE_IN_FRAMEWORK_HEADER = YES;
				CLANG_WARN_RANGE_LOOP_ANALYSIS = YES;
				CLANG_WARN_STRICT_PROTOTYPES = YES;
				CLANG_WARN_SUSPICIOUS_MOVE = YES;
				CLANG_WARN_UNGUARDED_AVAILABILITY = YES_AGGRESSIVE;
				CLANG_WARN_UNREACHABLE_CODE = YES;
				CLANG_WARN__DUPLICATE_METHOD_MATCH = YES;
				COPY_PHASE_STRIP = NO;
				DEBUG_INFORMATION_FORMAT = "dwarf-with-dsym";
				ENABLE_NS_ASSERTIONS = NO;
				ENABLE_STRICT_OBJC_MSGSEND = YES;
				GCC_C_LANGUAGE_STANDARD = gnu11;
				GCC_NO_COMMON_BLOCKS = YES;
				GCC_WARN_64_TO_32_BIT_CONVERSION = YES;
				GCC_WARN_ABOUT_RETURN_TYPE = YES_ERROR;
				GCC_WARN_UNDECLARED_SELECTOR = YES;
				GCC_WARN_UNINITIALIZED_AUTOS = YES_AGGRESSIVE;
				GCC_WARN_UNUSED_FUNCTION = YES;
				GCC_WARN_UNUSED_VARIABLE = YES;
				IPHONEOS_DEPLOYMENT_TARGET = 15.5;
				MTL_ENABLE_DEBUG_INFO = NO;
				MTL_FAST_MATH = YES;
				SDKROOT = iphoneos;
				SWIFT_COMPILATION_MODE = wholemodule;
				SWIFT_OPTIMIZATION_LEVEL = "-O";
				VALIDATE_PRODUCT = YES;
			};
			name = Release;
		};
		B551693629159095007356EC /* Debug */ = {
			isa = XCBuildConfiguration;
			baseConfigurationReference = 99DF9766F1FE9097DC2B557E /* Pods-LiveliGoods.debug.xcconfig */;
			buildSettings = {
				ASSETCATALOG_COMPILER_APPICON_NAME = AppIcon;
				ASSETCATALOG_COMPILER_GLOBAL_ACCENT_COLOR_NAME = AccentColor;
				CODE_SIGN_STYLE = Automatic;
				CURRENT_PROJECT_VERSION = 1;
				DEVELOPMENT_TEAM = AGZFPC8629;
				GENERATE_INFOPLIST_FILE = YES;
				INFOPLIST_FILE = LiveliGoods/Info.plist;
				INFOPLIST_KEY_UIApplicationSupportsIndirectInputEvents = YES;
				INFOPLIST_KEY_UILaunchStoryboardName = LaunchScreen;
				INFOPLIST_KEY_UIMainStoryboardFile = Main;
				INFOPLIST_KEY_UISupportedInterfaceOrientations_iPad = "UIInterfaceOrientationPortrait UIInterfaceOrientationPortraitUpsideDown UIInterfaceOrientationLandscapeLeft UIInterfaceOrientationLandscapeRight";
				INFOPLIST_KEY_UISupportedInterfaceOrientations_iPhone = "UIInterfaceOrientationPortrait UIInterfaceOrientationLandscapeLeft UIInterfaceOrientationLandscapeRight";
				IPHONEOS_DEPLOYMENT_TARGET = 15.1;
				LD_RUNPATH_SEARCH_PATHS = (
					"$(inherited)",
					"@executable_path/Frameworks",
				);
				MARKETING_VERSION = 1.0;
				PRODUCT_BUNDLE_IDENTIFIER = "-38.LiveliGoods";
				PRODUCT_NAME = "$(TARGET_NAME)";
				SWIFT_EMIT_LOC_STRINGS = YES;
				SWIFT_VERSION = 5.0;
				TARGETED_DEVICE_FAMILY = "1,2";
			};
			name = Debug;
		};
		B551693729159095007356EC /* Release */ = {
			isa = XCBuildConfiguration;
			baseConfigurationReference = 73189A84F895B627B2771313 /* Pods-LiveliGoods.release.xcconfig */;
			buildSettings = {
				ASSETCATALOG_COMPILER_APPICON_NAME = AppIcon;
				ASSETCATALOG_COMPILER_GLOBAL_ACCENT_COLOR_NAME = AccentColor;
				CODE_SIGN_STYLE = Automatic;
				CURRENT_PROJECT_VERSION = 1;
				DEVELOPMENT_TEAM = AGZFPC8629;
				GENERATE_INFOPLIST_FILE = YES;
				INFOPLIST_FILE = LiveliGoods/Info.plist;
				INFOPLIST_KEY_UIApplicationSupportsIndirectInputEvents = YES;
				INFOPLIST_KEY_UILaunchStoryboardName = LaunchScreen;
				INFOPLIST_KEY_UIMainStoryboardFile = Main;
				INFOPLIST_KEY_UISupportedInterfaceOrientations_iPad = "UIInterfaceOrientationPortrait UIInterfaceOrientationPortraitUpsideDown UIInterfaceOrientationLandscapeLeft UIInterfaceOrientationLandscapeRight";
				INFOPLIST_KEY_UISupportedInterfaceOrientations_iPhone = "UIInterfaceOrientationPortrait UIInterfaceOrientationLandscapeLeft UIInterfaceOrientationLandscapeRight";
				IPHONEOS_DEPLOYMENT_TARGET = 15.1;
				LD_RUNPATH_SEARCH_PATHS = (
					"$(inherited)",
					"@executable_path/Frameworks",
				);
				MARKETING_VERSION = 1.0;
				PRODUCT_BUNDLE_IDENTIFIER = "-38.LiveliGoods";
				PRODUCT_NAME = "$(TARGET_NAME)";
				SWIFT_EMIT_LOC_STRINGS = YES;
				SWIFT_VERSION = 5.0;
				TARGETED_DEVICE_FAMILY = "1,2";
			};
			name = Release;
		};
/* End XCBuildConfiguration section */

/* Begin XCConfigurationList section */
		B551691C29159094007356EC /* Build configuration list for PBXProject "LiveliGoods" */ = {
			isa = XCConfigurationList;
			buildConfigurations = (
				B551693329159095007356EC /* Debug */,
				B551693429159095007356EC /* Release */,
			);
			defaultConfigurationIsVisible = 0;
			defaultConfigurationName = Release;
		};
		B551693529159095007356EC /* Build configuration list for PBXNativeTarget "LiveliGoods" */ = {
			isa = XCConfigurationList;
			buildConfigurations = (
				B551693629159095007356EC /* Debug */,
				B551693729159095007356EC /* Release */,
			);
			defaultConfigurationIsVisible = 0;
			defaultConfigurationName = Release;
		};
/* End XCConfigurationList section */
	};
	rootObject = B551691929159094007356EC /* Project object */;
}
